PODS:
  - SDWebImage (5.8.3):
    - SDWebImage/Core (= 5.8.3)
  - SDWebImage/Core (5.8.3)

DEPENDENCIES:
  - SDWebImage

SPEC REPOS:
  trunk:
    - SDWebImage

SPEC CHECKSUMS:
  SDWebImage: 112503ec94a5a2a41869503844a15e8d8f1ead5c

PODFILE CHECKSUM: 9e3a6a0138cacae3f01471e40fdbc66d6f9e62d6

COCOAPODS: 1.9.2
